
Microsoft Visual Studio Solution File, Format Version 12.00
# Visual Studio 15
VisualStudioVersion = 15.0.27703.2042
MinimumVisualStudioVersion = 10.0.40219.1
Project("{FAE04EC0-301F-11D3-BF4B-00C04F79EFBC}") = "Delegate", "Delegate\Delegate.csproj", "{C4155D82-13EF-4AD2-BDF0-ED5974C0D292}"
EndProject
Project("{FAE04EC0-301F-11D3-BF4B-00C04F79EFBC}") = "Immutable", "Immutable\Immutable.csproj", "{DEF9A790-B11B-4669-AF0A-7A29E6778E34}"
EndProject
Project("{FAE04EC0-301F-11D3-BF4B-00C04F79EFBC}") = "Interface", "Interface\Interface.csproj", "{02400487-3FB0-4DBB-B80E-D729824183D0}"
EndProject
Project("{FAE04EC0-301F-11D3-BF4B-00C04F79EFBC}") = "Singleton", "Singleton\Singleton.csproj", "{96811546-71BB-48B8-B0AB-025375DCC7DD}"
EndProject
Project("{2150E333-8FDC-42A3-9474-1A3956D46DE8}") = "Fundamentals", "Fundamentals", "{1EE9A651-C71A-415E-A87F-BAB223E56196}"
EndProject
Project("{2150E333-8FDC-42A3-9474-1A3956D46DE8}") = "Creatoinal", "Creatoinal", "{97EE47D1-89AC-40B0-95AF-F0F24A98BF8E}"
EndProject
Project("{FAE04EC0-301F-11D3-BF4B-00C04F79EFBC}") = "FactoryMethod", "FactoryMethod\FactoryMethod.csproj", "{118BBD8C-EB11-4526-8F31-D496D1627705}"
EndProject
Project("{FAE04EC0-301F-11D3-BF4B-00C04F79EFBC}") = "FactoryTests", "FactoryTests\FactoryTests.csproj", "{B69458C3-CDC7-48B9-814C-C599D23D9AB0}"
EndProject
Project("{2150E333-8FDC-42A3-9474-1A3956D46DE8}") = "Solid", "Solid", "{CD1A87DE-DB38-4686-996A-D7E53A560EE0}"
EndProject
Project("{FAE04EC0-301F-11D3-BF4B-00C04F79EFBC}") = "Solid01-SRP", "Solid01-SRP\Solid01-SRP.csproj", "{DDA8A2E7-F388-4028-A7E3-37E94D8DDEFD}"
EndProject
Project("{FAE04EC0-301F-11D3-BF4B-00C04F79EFBC}") = "Solid01-SRP-Solution", "Solid01-SRP-Solution\Solid01-SRP-Solution.csproj", "{0AA24101-9257-48F8-8CEF-3F6E1142627A}"
EndProject
Project("{FAE04EC0-301F-11D3-BF4B-00C04F79EFBC}") = "Solid02-OpenClose", "Solid02-OpenClose\Solid02-OpenClose.csproj", "{3A68DCA0-7D8D-487F-99C8-747AC62FC360}"
EndProject
Project("{FAE04EC0-301F-11D3-BF4B-00C04F79EFBC}") = "SolidTests", "SolidTests\SolidTests.csproj", "{1F31A49C-B4AE-44F1-85E4-53D9A8638743}"
EndProject
Project("{FAE04EC0-301F-11D3-BF4B-00C04F79EFBC}") = "Solid02-OpenCloseSolution", "Solid02-OpenCloseSolution\Solid02-OpenCloseSolution.csproj", "{32075FFF-B285-40B1-ABD0-1D3866C6A0B6}"
EndProject
Project("{FAE04EC0-301F-11D3-BF4B-00C04F79EFBC}") = "Solid03-LSP", "Solid03-LSP\Solid03-LSP.csproj", "{F203A75F-81EA-4583-AEF7-AF3FAC51A876}"
EndProject
Project("{FAE04EC0-301F-11D3-BF4B-00C04F79EFBC}") = "Solid04-ISP", "Solid04-ISP\Solid04-ISP.csproj", "{35FEE527-14B3-4125-9410-284A7AB0809E}"
EndProject
Global
	GlobalSection(SolutionConfigurationPlatforms) = preSolution
		Debug|Any CPU = Debug|Any CPU
		Release|Any CPU = Release|Any CPU
	EndGlobalSection
	GlobalSection(ProjectConfigurationPlatforms) = postSolution
		{C4155D82-13EF-4AD2-BDF0-ED5974C0D292}.Debug|Any CPU.ActiveCfg = Debug|Any CPU
		{C4155D82-13EF-4AD2-BDF0-ED5974C0D292}.Debug|Any CPU.Build.0 = Debug|Any CPU
		{C4155D82-13EF-4AD2-BDF0-ED5974C0D292}.Release|Any CPU.ActiveCfg = Release|Any CPU
		{C4155D82-13EF-4AD2-BDF0-ED5974C0D292}.Release|Any CPU.Build.0 = Release|Any CPU
		{DEF9A790-B11B-4669-AF0A-7A29E6778E34}.Debug|Any CPU.ActiveCfg = Debug|Any CPU
		{DEF9A790-B11B-4669-AF0A-7A29E6778E34}.Debug|Any CPU.Build.0 = Debug|Any CPU
		{DEF9A790-B11B-4669-AF0A-7A29E6778E34}.Release|Any CPU.ActiveCfg = Release|Any CPU
		{DEF9A790-B11B-4669-AF0A-7A29E6778E34}.Release|Any CPU.Build.0 = Release|Any CPU
		{02400487-3FB0-4DBB-B80E-D729824183D0}.Debug|Any CPU.ActiveCfg = Debug|Any CPU
		{02400487-3FB0-4DBB-B80E-D729824183D0}.Debug|Any CPU.Build.0 = Debug|Any CPU
		{02400487-3FB0-4DBB-B80E-D729824183D0}.Release|Any CPU.ActiveCfg = Release|Any CPU
		{02400487-3FB0-4DBB-B80E-D729824183D0}.Release|Any CPU.Build.0 = Release|Any CPU
		{96811546-71BB-48B8-B0AB-025375DCC7DD}.Debug|Any CPU.ActiveCfg = Debug|Any CPU
		{96811546-71BB-48B8-B0AB-025375DCC7DD}.Debug|Any CPU.Build.0 = Debug|Any CPU
		{96811546-71BB-48B8-B0AB-025375DCC7DD}.Release|Any CPU.ActiveCfg = Release|Any CPU
		{96811546-71BB-48B8-B0AB-025375DCC7DD}.Release|Any CPU.Build.0 = Release|Any CPU
		{118BBD8C-EB11-4526-8F31-D496D1627705}.Debug|Any CPU.ActiveCfg = Debug|Any CPU
		{118BBD8C-EB11-4526-8F31-D496D1627705}.Debug|Any CPU.Build.0 = Debug|Any CPU
		{118BBD8C-EB11-4526-8F31-D496D1627705}.Release|Any CPU.ActiveCfg = Release|Any CPU
		{118BBD8C-EB11-4526-8F31-D496D1627705}.Release|Any CPU.Build.0 = Release|Any CPU
		{B69458C3-CDC7-48B9-814C-C599D23D9AB0}.Debug|Any CPU.ActiveCfg = Debug|Any CPU
		{B69458C3-CDC7-48B9-814C-C599D23D9AB0}.Debug|Any CPU.Build.0 = Debug|Any CPU
		{B69458C3-CDC7-48B9-814C-C599D23D9AB0}.Release|Any CPU.ActiveCfg = Release|Any CPU
		{B69458C3-CDC7-48B9-814C-C599D23D9AB0}.Release|Any CPU.Build.0 = Release|Any CPU
		{DDA8A2E7-F388-4028-A7E3-37E94D8DDEFD}.Debug|Any CPU.ActiveCfg = Debug|Any CPU
		{DDA8A2E7-F388-4028-A7E3-37E94D8DDEFD}.Debug|Any CPU.Build.0 = Debug|Any CPU
		{DDA8A2E7-F388-4028-A7E3-37E94D8DDEFD}.Release|Any CPU.ActiveCfg = Release|Any CPU
		{DDA8A2E7-F388-4028-A7E3-37E94D8DDEFD}.Release|Any CPU.Build.0 = Release|Any CPU
		{0AA24101-9257-48F8-8CEF-3F6E1142627A}.Debug|Any CPU.ActiveCfg = Debug|Any CPU
		{0AA24101-9257-48F8-8CEF-3F6E1142627A}.Debug|Any CPU.Build.0 = Debug|Any CPU
		{0AA24101-9257-48F8-8CEF-3F6E1142627A}.Release|Any CPU.ActiveCfg = Release|Any CPU
		{0AA24101-9257-48F8-8CEF-3F6E1142627A}.Release|Any CPU.Build.0 = Release|Any CPU
		{3A68DCA0-7D8D-487F-99C8-747AC62FC360}.Debug|Any CPU.ActiveCfg = Debug|Any CPU
		{3A68DCA0-7D8D-487F-99C8-747AC62FC360}.Debug|Any CPU.Build.0 = Debug|Any CPU
		{3A68DCA0-7D8D-487F-99C8-747AC62FC360}.Release|Any CPU.ActiveCfg = Release|Any CPU
		{3A68DCA0-7D8D-487F-99C8-747AC62FC360}.Release|Any CPU.Build.0 = Release|Any CPU
		{1F31A49C-B4AE-44F1-85E4-53D9A8638743}.Debug|Any CPU.ActiveCfg = Debug|Any CPU
		{1F31A49C-B4AE-44F1-85E4-53D9A8638743}.Debug|Any CPU.Build.0 = Debug|Any CPU
		{1F31A49C-B4AE-44F1-85E4-53D9A8638743}.Release|Any CPU.ActiveCfg = Release|Any CPU
		{1F31A49C-B4AE-44F1-85E4-53D9A8638743}.Release|Any CPU.Build.0 = Release|Any CPU
		{32075FFF-B285-40B1-ABD0-1D3866C6A0B6}.Debug|Any CPU.ActiveCfg = Debug|Any CPU
		{32075FFF-B285-40B1-ABD0-1D3866C6A0B6}.Debug|Any CPU.Build.0 = Debug|Any CPU
		{32075FFF-B285-40B1-ABD0-1D3866C6A0B6}.Release|Any CPU.ActiveCfg = Release|Any CPU
		{32075FFF-B285-40B1-ABD0-1D3866C6A0B6}.Release|Any CPU.Build.0 = Release|Any CPU
		{F203A75F-81EA-4583-AEF7-AF3FAC51A876}.Debug|Any CPU.ActiveCfg = Debug|Any CPU
		{F203A75F-81EA-4583-AEF7-AF3FAC51A876}.Debug|Any CPU.Build.0 = Debug|Any CPU
		{F203A75F-81EA-4583-AEF7-AF3FAC51A876}.Release|Any CPU.ActiveCfg = Release|Any CPU
		{F203A75F-81EA-4583-AEF7-AF3FAC51A876}.Release|Any CPU.Build.0 = Release|Any CPU
		{35FEE527-14B3-4125-9410-284A7AB0809E}.Debug|Any CPU.ActiveCfg = Debug|Any CPU
		{35FEE527-14B3-4125-9410-284A7AB0809E}.Debug|Any CPU.Build.0 = Debug|Any CPU
		{35FEE527-14B3-4125-9410-284A7AB0809E}.Release|Any CPU.ActiveCfg = Release|Any CPU
		{35FEE527-14B3-4125-9410-284A7AB0809E}.Release|Any CPU.Build.0 = Release|Any CPU
	EndGlobalSection
	GlobalSection(SolutionProperties) = preSolution
		HideSolutionNode = FALSE
	EndGlobalSection
	GlobalSection(NestedProjects) = preSolution
		{C4155D82-13EF-4AD2-BDF0-ED5974C0D292} = {1EE9A651-C71A-415E-A87F-BAB223E56196}
		{DEF9A790-B11B-4669-AF0A-7A29E6778E34} = {1EE9A651-C71A-415E-A87F-BAB223E56196}
		{02400487-3FB0-4DBB-B80E-D729824183D0} = {1EE9A651-C71A-415E-A87F-BAB223E56196}
		{96811546-71BB-48B8-B0AB-025375DCC7DD} = {97EE47D1-89AC-40B0-95AF-F0F24A98BF8E}
		{118BBD8C-EB11-4526-8F31-D496D1627705} = {97EE47D1-89AC-40B0-95AF-F0F24A98BF8E}
		{DDA8A2E7-F388-4028-A7E3-37E94D8DDEFD} = {CD1A87DE-DB38-4686-996A-D7E53A560EE0}
		{0AA24101-9257-48F8-8CEF-3F6E1142627A} = {CD1A87DE-DB38-4686-996A-D7E53A560EE0}
		{3A68DCA0-7D8D-487F-99C8-747AC62FC360} = {CD1A87DE-DB38-4686-996A-D7E53A560EE0}
		{32075FFF-B285-40B1-ABD0-1D3866C6A0B6} = {CD1A87DE-DB38-4686-996A-D7E53A560EE0}
		{F203A75F-81EA-4583-AEF7-AF3FAC51A876} = {CD1A87DE-DB38-4686-996A-D7E53A560EE0}
		{35FEE527-14B3-4125-9410-284A7AB0809E} = {CD1A87DE-DB38-4686-996A-D7E53A560EE0}
	EndGlobalSection
	GlobalSection(ExtensibilityGlobals) = postSolution
		SolutionGuid = {07787120-6E26-4542-A410-877423EBB66B}
	EndGlobalSection
EndGlobal
