
Microsoft Visual Studio Solution File, Format Version 12.00
# Visual Studio 15
VisualStudioVersion = 15.0.27703.2042
MinimumVisualStudioVersion = 10.0.40219.1
Project("{FAE04EC0-301F-11D3-BF4B-00C04F79EFBC}") = "Delegate", "Delegate\Delegate.csproj", "{C4155D82-13EF-4AD2-BDF0-ED5974C0D292}"
EndProject
Project("{FAE04EC0-301F-11D3-BF4B-00C04F79EFBC}") = "Immutable", "..\Immutable\Immutable.csproj", "{DEF9A790-B11B-4669-AF0A-7A29E6778E34}"
EndProject
Project("{FAE04EC0-301F-11D3-BF4B-00C04F79EFBC}") = "Interface", "..\Interface\Interface.csproj", "{02400487-3FB0-4DBB-B80E-D729824183D0}"
EndProject
Project("{2150E333-8FDC-42A3-9474-1A3956D46DE8}") = "Fundamentals", "Fundamentals", "{3783FE77-70B3-4CD7-B11F-75B5688BE537}"
EndProject
Project("{2150E333-8FDC-42A3-9474-1A3956D46DE8}") = "Creational", "Creational", "{4551A039-B74F-4B45-9441-C2B2C2D69D4C}"
EndProject
Project("{FAE04EC0-301F-11D3-BF4B-00C04F79EFBC}") = "Singleton", "Singleton\Singleton.csproj", "{96811546-71BB-48B8-B0AB-025375DCC7DD}"
EndProject
Global
	GlobalSection(SolutionConfigurationPlatforms) = preSolution
		Debug|Any CPU = Debug|Any CPU
		Release|Any CPU = Release|Any CPU
	EndGlobalSection
	GlobalSection(ProjectConfigurationPlatforms) = postSolution
		{C4155D82-13EF-4AD2-BDF0-ED5974C0D292}.Debug|Any CPU.ActiveCfg = Debug|Any CPU
		{C4155D82-13EF-4AD2-BDF0-ED5974C0D292}.Debug|Any CPU.Build.0 = Debug|Any CPU
		{C4155D82-13EF-4AD2-BDF0-ED5974C0D292}.Release|Any CPU.ActiveCfg = Release|Any CPU
		{C4155D82-13EF-4AD2-BDF0-ED5974C0D292}.Release|Any CPU.Build.0 = Release|Any CPU
		{DEF9A790-B11B-4669-AF0A-7A29E6778E34}.Debug|Any CPU.ActiveCfg = Debug|Any CPU
		{DEF9A790-B11B-4669-AF0A-7A29E6778E34}.Debug|Any CPU.Build.0 = Debug|Any CPU
		{DEF9A790-B11B-4669-AF0A-7A29E6778E34}.Release|Any CPU.ActiveCfg = Release|Any CPU
		{DEF9A790-B11B-4669-AF0A-7A29E6778E34}.Release|Any CPU.Build.0 = Release|Any CPU
		{02400487-3FB0-4DBB-B80E-D729824183D0}.Debug|Any CPU.ActiveCfg = Debug|Any CPU
		{02400487-3FB0-4DBB-B80E-D729824183D0}.Debug|Any CPU.Build.0 = Debug|Any CPU
		{02400487-3FB0-4DBB-B80E-D729824183D0}.Release|Any CPU.ActiveCfg = Release|Any CPU
		{02400487-3FB0-4DBB-B80E-D729824183D0}.Release|Any CPU.Build.0 = Release|Any CPU
		{96811546-71BB-48B8-B0AB-025375DCC7DD}.Debug|Any CPU.ActiveCfg = Debug|Any CPU
		{96811546-71BB-48B8-B0AB-025375DCC7DD}.Debug|Any CPU.Build.0 = Debug|Any CPU
		{96811546-71BB-48B8-B0AB-025375DCC7DD}.Release|Any CPU.ActiveCfg = Release|Any CPU
		{96811546-71BB-48B8-B0AB-025375DCC7DD}.Release|Any CPU.Build.0 = Release|Any CPU
	EndGlobalSection
	GlobalSection(SolutionProperties) = preSolution
		HideSolutionNode = FALSE
	EndGlobalSection
	GlobalSection(NestedProjects) = preSolution
		{C4155D82-13EF-4AD2-BDF0-ED5974C0D292} = {3783FE77-70B3-4CD7-B11F-75B5688BE537}
		{DEF9A790-B11B-4669-AF0A-7A29E6778E34} = {3783FE77-70B3-4CD7-B11F-75B5688BE537}
		{02400487-3FB0-4DBB-B80E-D729824183D0} = {3783FE77-70B3-4CD7-B11F-75B5688BE537}
		{96811546-71BB-48B8-B0AB-025375DCC7DD} = {4551A039-B74F-4B45-9441-C2B2C2D69D4C}
	EndGlobalSection
	GlobalSection(ExtensibilityGlobals) = postSolution
		SolutionGuid = {88F4CE17-7124-4E88-898B-D621849A51F9}
	EndGlobalSection
EndGlobal
